
Microsoft Visual Studio Solution File, Format Version 12.00
# Visual Studio Version 17
VisualStudioVersion = 17.14.36408.4
MinimumVisualStudioVersion = 10.0.40219.1
Project("{FAE04EC0-301F-11D3-BF4B-00C04F79EFBC}") = "Task 1", "Task 1\Task 1.csproj", "{8918D3B7-DEC2-4856-B9A4-CD63D3D9457F}"
EndProject
Project("{FAE04EC0-301F-11D3-BF4B-00C04F79EFBC}") = "Task 2", "Task 2\Task 2.csproj", "{956C9628-1F42-4002-8187-ED3FF0E61A1D}"
EndProject
Project("{FAE04EC0-301F-11D3-BF4B-00C04F79EFBC}") = "Task 3", "Task 3\Task 3.csproj", "{278FA00F-7AAF-4CE9-B483-BF6AFA2D94B2}"
EndProject
Global
	GlobalSection(SolutionConfigurationPlatforms) = preSolution
		Debug|Any CPU = Debug|Any CPU
		Release|Any CPU = Release|Any CPU
	EndGlobalSection
	GlobalSection(ProjectConfigurationPlatforms) = postSolution
		{8918D3B7-DEC2-4856-B9A4-CD63D3D9457F}.Debug|Any CPU.ActiveCfg = Debug|Any CPU
		{8918D3B7-DEC2-4856-B9A4-CD63D3D9457F}.Debug|Any CPU.Build.0 = Debug|Any CPU
		{8918D3B7-DEC2-4856-B9A4-CD63D3D9457F}.Release|Any CPU.ActiveCfg = Release|Any CPU
		{8918D3B7-DEC2-4856-B9A4-CD63D3D9457F}.Release|Any CPU.Build.0 = Release|Any CPU
		{956C9628-1F42-4002-8187-ED3FF0E61A1D}.Debug|Any CPU.ActiveCfg = Debug|Any CPU
		{956C9628-1F42-4002-8187-ED3FF0E61A1D}.Debug|Any CPU.Build.0 = Debug|Any CPU
		{956C9628-1F42-4002-8187-ED3FF0E61A1D}.Release|Any CPU.ActiveCfg = Release|Any CPU
		{956C9628-1F42-4002-8187-ED3FF0E61A1D}.Release|Any CPU.Build.0 = Release|Any CPU
		{278FA00F-7AAF-4CE9-B483-BF6AFA2D94B2}.Debug|Any CPU.ActiveCfg = Debug|Any CPU
		{278FA00F-7AAF-4CE9-B483-BF6AFA2D94B2}.Debug|Any CPU.Build.0 = Debug|Any CPU
		{278FA00F-7AAF-4CE9-B483-BF6AFA2D94B2}.Release|Any CPU.ActiveCfg = Release|Any CPU
		{278FA00F-7AAF-4CE9-B483-BF6AFA2D94B2}.Release|Any CPU.Build.0 = Release|Any CPU
	EndGlobalSection
	GlobalSection(SolutionProperties) = preSolution
		HideSolutionNode = FALSE
	EndGlobalSection
	GlobalSection(ExtensibilityGlobals) = postSolution
		SolutionGuid = {576F9673-C308-4744-BAD7-904A5FF6DF3E}
	EndGlobalSection
EndGlobal
